{
  "originHash" : "e67e427de5a5557f1a0ae78fb064b547f287d965299898eeb6db9c4d0632ba8f",
  "pins" : [
    {
      "identity" : "codescanner",
      "kind" : "remoteSourceControl",
      "location" : "https://github.com/twostraws/CodeScanner.git",
      "state" : {
        "revision" : "9fa582f4b36c69c2a55bff5fb3377eb170ae273c",
        "version" : "2.5.1"
      }
    }
  ],
  "version" : 3
}
